
Microsoft Visual Studio Solution File, Format Version 12.00
# Visual Studio Version 17
VisualStudioVersion = 17.10.35027.167
MinimumVisualStudioVersion = 10.0.40219.1
Project("{FAE04EC0-301F-11D3-BF4B-00C04F79EFBC}") = "kgmAnket", "kgmAnket\kgmAnket.csproj", "{D5C7F25F-10D1-48AA-890D-6AA026C62BB1}"
EndProject
Global
	GlobalSection(SolutionConfigurationPlatforms) = preSolution
		Debug|Any CPU = Debug|Any CPU
		Release|Any CPU = Release|Any CPU
	EndGlobalSection
	GlobalSection(ProjectConfigurationPlatforms) = postSolution
		{D5C7F25F-10D1-48AA-890D-6AA026C62BB1}.Debug|Any CPU.ActiveCfg = Debug|Any CPU
		{D5C7F25F-10D1-48AA-890D-6AA026C62BB1}.Debug|Any CPU.Build.0 = Debug|Any CPU
		{D5C7F25F-10D1-48AA-890D-6AA026C62BB1}.Release|Any CPU.ActiveCfg = Release|Any CPU
		{D5C7F25F-10D1-48AA-890D-6AA026C62BB1}.Release|Any CPU.Build.0 = Release|Any CPU
	EndGlobalSection
	GlobalSection(SolutionProperties) = preSolution
		HideSolutionNode = FALSE
	EndGlobalSection
	GlobalSection(ExtensibilityGlobals) = postSolution
		SolutionGuid = {87BDEFAF-9438-4C21-9F55-9A6B007C211A}
	EndGlobalSection
EndGlobal
